
Microsoft Visual Studio Solution File, Format Version 12.00
# Visual Studio Version 17
VisualStudioVersion = 17.7.34221.43
MinimumVisualStudioVersion = 10.0.40219.1
Project("{9A19103F-16F7-4668-BE54-9A1E7A4F7556}") = "SellWoodTracker", "SellWoodTracker.csproj", "{D0987892-18E1-4D6F-94F3-E088F81724DC}"
EndProject
Project("{FAE04EC0-301F-11D3-BF4B-00C04F79EFBC}") = "SellWoodTracker.Tests", "..\SellWoodTracker.Tests\SellWoodTracker.Tests.csproj", "{6299B221-FD6D-4B9F-B5E3-0F4BF1D1ED96}"
EndProject
Global
	GlobalSection(SolutionConfigurationPlatforms) = preSolution
		Debug|Any CPU = Debug|Any CPU
		Release|Any CPU = Release|Any CPU
	EndGlobalSection
	GlobalSection(ProjectConfigurationPlatforms) = postSolution
		{D0987892-18E1-4D6F-94F3-E088F81724DC}.Debug|Any CPU.ActiveCfg = Debug|Any CPU
		{D0987892-18E1-4D6F-94F3-E088F81724DC}.Debug|Any CPU.Build.0 = Debug|Any CPU
		{D0987892-18E1-4D6F-94F3-E088F81724DC}.Release|Any CPU.ActiveCfg = Release|Any CPU
		{D0987892-18E1-4D6F-94F3-E088F81724DC}.Release|Any CPU.Build.0 = Release|Any CPU
		{6299B221-FD6D-4B9F-B5E3-0F4BF1D1ED96}.Debug|Any CPU.ActiveCfg = Debug|Any CPU
		{6299B221-FD6D-4B9F-B5E3-0F4BF1D1ED96}.Debug|Any CPU.Build.0 = Debug|Any CPU
		{6299B221-FD6D-4B9F-B5E3-0F4BF1D1ED96}.Release|Any CPU.ActiveCfg = Release|Any CPU
		{6299B221-FD6D-4B9F-B5E3-0F4BF1D1ED96}.Release|Any CPU.Build.0 = Release|Any CPU
	EndGlobalSection
	GlobalSection(SolutionProperties) = preSolution
		HideSolutionNode = FALSE
	EndGlobalSection
	GlobalSection(ExtensibilityGlobals) = postSolution
		SolutionGuid = {D7F3FE7C-B9F3-4BA5-828C-B5719DC0041A}
	EndGlobalSection
EndGlobal
